
Microsoft Visual Studio Solution File, Format Version 12.00
# Visual Studio Version 16
VisualStudioVersion = 16.0.34301.259
MinimumVisualStudioVersion = 10.0.40219.1
Project("{8BC9CEB8-8B4A-11D0-8D11-00A0C91BC942}") = "OOP", "OOP\OOP.vcxproj", "{B7DD3585-9D58-4688-B616-AC57FF13EEF2}"
EndProject
Project("{8BC9CEB8-8B4A-11D0-8D11-00A0C91BC942}") = "Polynorm", "Polynorm\Polynorm.vcxproj", "{E4CE2A53-21C8-470B-A94C-7DB6B17F53D6}"
EndProject
Project("{8BC9CEB8-8B4A-11D0-8D11-00A0C91BC942}") = "LedDemo", "LedDemo\LedDemo.vcxproj", "{16AFB61B-DB72-4432-95C9-314D98E26F08}"
EndProject
Global
	GlobalSection(SolutionConfigurationPlatforms) = preSolution
		Debug|x64 = Debug|x64
		Debug|x86 = Debug|x86
		Release|x64 = Release|x64
		Release|x86 = Release|x86
	EndGlobalSection
	GlobalSection(ProjectConfigurationPlatforms) = postSolution
		{B7DD3585-9D58-4688-B616-AC57FF13EEF2}.Debug|x64.ActiveCfg = Debug|x64
		{B7DD3585-9D58-4688-B616-AC57FF13EEF2}.Debug|x64.Build.0 = Debug|x64
		{B7DD3585-9D58-4688-B616-AC57FF13EEF2}.Debug|x86.ActiveCfg = Debug|Win32
		{B7DD3585-9D58-4688-B616-AC57FF13EEF2}.Debug|x86.Build.0 = Debug|Win32
		{B7DD3585-9D58-4688-B616-AC57FF13EEF2}.Release|x64.ActiveCfg = Release|x64
		{B7DD3585-9D58-4688-B616-AC57FF13EEF2}.Release|x64.Build.0 = Release|x64
		{B7DD3585-9D58-4688-B616-AC57FF13EEF2}.Release|x86.ActiveCfg = Release|Win32
		{B7DD3585-9D58-4688-B616-AC57FF13EEF2}.Release|x86.Build.0 = Release|Win32
		{E4CE2A53-21C8-470B-A94C-7DB6B17F53D6}.Debug|x64.ActiveCfg = Debug|x64
		{E4CE2A53-21C8-470B-A94C-7DB6B17F53D6}.Debug|x64.Build.0 = Debug|x64
		{E4CE2A53-21C8-470B-A94C-7DB6B17F53D6}.Debug|x86.ActiveCfg = Debug|Win32
		{E4CE2A53-21C8-470B-A94C-7DB6B17F53D6}.Debug|x86.Build.0 = Debug|Win32
		{E4CE2A53-21C8-470B-A94C-7DB6B17F53D6}.Release|x64.ActiveCfg = Release|x64
		{E4CE2A53-21C8-470B-A94C-7DB6B17F53D6}.Release|x64.Build.0 = Release|x64
		{E4CE2A53-21C8-470B-A94C-7DB6B17F53D6}.Release|x86.ActiveCfg = Release|Win32
		{E4CE2A53-21C8-470B-A94C-7DB6B17F53D6}.Release|x86.Build.0 = Release|Win32
		{16AFB61B-DB72-4432-95C9-314D98E26F08}.Debug|x64.ActiveCfg = Debug|x64
		{16AFB61B-DB72-4432-95C9-314D98E26F08}.Debug|x64.Build.0 = Debug|x64
		{16AFB61B-DB72-4432-95C9-314D98E26F08}.Debug|x86.ActiveCfg = Debug|Win32
		{16AFB61B-DB72-4432-95C9-314D98E26F08}.Debug|x86.Build.0 = Debug|Win32
		{16AFB61B-DB72-4432-95C9-314D98E26F08}.Release|x64.ActiveCfg = Release|x64
		{16AFB61B-DB72-4432-95C9-314D98E26F08}.Release|x64.Build.0 = Release|x64
		{16AFB61B-DB72-4432-95C9-314D98E26F08}.Release|x86.ActiveCfg = Release|Win32
		{16AFB61B-DB72-4432-95C9-314D98E26F08}.Release|x86.Build.0 = Release|Win32
	EndGlobalSection
	GlobalSection(SolutionProperties) = preSolution
		HideSolutionNode = FALSE
	EndGlobalSection
	GlobalSection(ExtensibilityGlobals) = postSolution
		SolutionGuid = {468584D7-EC44-4D5E-A9FB-77953DC8ACE6}
	EndGlobalSection
EndGlobal
